
Microsoft Visual Studio Solution File, Format Version 12.00
# Visual Studio Version 17
VisualStudioVersion = 17.12.35707.178 d17.12
MinimumVisualStudioVersion = 10.0.40219.1
Project("{2150E333-8FDC-42A3-9474-1A3956D46DE8}") = "Hosting-Examples", "Hosting-Examples", "{42644B95-6E57-3930-8C01-62C5F723BDC5}"
EndProject
Project("{2150E333-8FDC-42A3-9474-1A3956D46DE8}") = "Libraries", "Libraries", "{D664841A-557D-3FF0-8C6B-7AB91A502FCC}"
EndProject
Project("{2150E333-8FDC-42A3-9474-1A3956D46DE8}") = "Predefined", "Predefined", "{EE4D9BB4-04C0-373C-B696-04B63F9384D2}"
EndProject
Project("{2150E333-8FDC-42A3-9474-1A3956D46DE8}") = "Utilities", "Utilities", "{7CB03CBC-F140-3F2D-BAD8-8D7A2181BD1C}"
EndProject
Project("{8BC9CEB8-8B4A-11D0-8D11-00A0C91BC942}") = "vst_organ", "..\build\vst_organ.vcxproj", "{797039BF-3F2E-30A2-A12B-3288F0B9D7E5}"
	ProjectSection(ProjectDependencies) = postProject
		{29C06997-5ED8-3709-A50E-2FED9D3A11DB} = {29C06997-5ED8-3709-A50E-2FED9D3A11DB}
		{23451602-C25A-3395-A38B-BA7F24D1029B} = {23451602-C25A-3395-A38B-BA7F24D1029B}
		{33AF94D7-5C54-3FF1-962E-4C7256B9E3C3} = {33AF94D7-5C54-3FF1-962E-4C7256B9E3C3}
		{3AA146F7-F629-3C3E-A2F7-08F35A7233B6} = {3AA146F7-F629-3C3E-A2F7-08F35A7233B6}
		{969755B6-180A-35EC-8B39-E75E57ADD9E4} = {969755B6-180A-35EC-8B39-E75E57ADD9E4}
		{1EFD0058-CFB2-33AC-B42F-9EBCEEB50CF6} = {1EFD0058-CFB2-33AC-B42F-9EBCEEB50CF6}
		{5AB2395E-78F3-3C64-87CA-A2FDC6E39F85} = {5AB2395E-78F3-3C64-87CA-A2FDC6E39F85}
	EndProjectSection
EndProject
Project("{8BC9CEB8-8B4A-11D0-8D11-00A0C91BC942}") = "ALL_BUILD", "..\build\ALL_BUILD.vcxproj", "{738CE1AE-AB6C-3F54-84C9-40F4F71206C3}"
	ProjectSection(ProjectDependencies) = postProject
		{29C06997-5ED8-3709-A50E-2FED9D3A11DB} = {29C06997-5ED8-3709-A50E-2FED9D3A11DB}
		{23451602-C25A-3395-A38B-BA7F24D1029B} = {23451602-C25A-3395-A38B-BA7F24D1029B}
		{33AF94D7-5C54-3FF1-962E-4C7256B9E3C3} = {33AF94D7-5C54-3FF1-962E-4C7256B9E3C3}
		{3AA146F7-F629-3C3E-A2F7-08F35A7233B6} = {3AA146F7-F629-3C3E-A2F7-08F35A7233B6}
		{969755B6-180A-35EC-8B39-E75E57ADD9E4} = {969755B6-180A-35EC-8B39-E75E57ADD9E4}
		{1EFD0058-CFB2-33AC-B42F-9EBCEEB50CF6} = {1EFD0058-CFB2-33AC-B42F-9EBCEEB50CF6}
		{E5AC6876-2E22-3982-BAD6-584C46E32660} = {E5AC6876-2E22-3982-BAD6-584C46E32660}
		{5AB2395E-78F3-3C64-87CA-A2FDC6E39F85} = {5AB2395E-78F3-3C64-87CA-A2FDC6E39F85}
		{797039BF-3F2E-30A2-A12B-3288F0B9D7E5} = {797039BF-3F2E-30A2-A12B-3288F0B9D7E5}
	EndProjectSection
EndProject
Project("{8BC9CEB8-8B4A-11D0-8D11-00A0C91BC942}") = "ZERO_CHECK", "..\build\ZERO_CHECK.vcxproj", "{29C06997-5ED8-3709-A50E-2FED9D3A11DB}"
EndProject
Project("{8BC9CEB8-8B4A-11D0-8D11-00A0C91BC942}") = "base", "..\build\vst3sdk\base\base.vcxproj", "{23451602-C25A-3395-A38B-BA7F24D1029B}"
	ProjectSection(ProjectDependencies) = postProject
		{29C06997-5ED8-3709-A50E-2FED9D3A11DB} = {29C06997-5ED8-3709-A50E-2FED9D3A11DB}
	EndProjectSection
EndProject
Project("{8BC9CEB8-8B4A-11D0-8D11-00A0C91BC942}") = "cmake_VST_modules", "..\build\vst3sdk\cmake_VST_modules.vcxproj", "{79BB9B9D-92BB-3D37-BC42-FA20FA7E7467}"
	ProjectSection(ProjectDependencies) = postProject
		{29C06997-5ED8-3709-A50E-2FED9D3A11DB} = {29C06997-5ED8-3709-A50E-2FED9D3A11DB}
	EndProjectSection
EndProject
Project("{8BC9CEB8-8B4A-11D0-8D11-00A0C91BC942}") = "cmake_modules", "..\build\vst3sdk\cmake_modules.vcxproj", "{BA092CE7-0381-3A0B-9387-37262A48718B}"
	ProjectSection(ProjectDependencies) = postProject
		{29C06997-5ED8-3709-A50E-2FED9D3A11DB} = {29C06997-5ED8-3709-A50E-2FED9D3A11DB}
	EndProjectSection
EndProject
Project("{8BC9CEB8-8B4A-11D0-8D11-00A0C91BC942}") = "moduleinfotool", "..\build\vst3sdk\public.sdk\samples\vst-utilities\moduleinfotool\moduleinfotool.vcxproj", "{33AF94D7-5C54-3FF1-962E-4C7256B9E3C3}"
	ProjectSection(ProjectDependencies) = postProject
		{29C06997-5ED8-3709-A50E-2FED9D3A11DB} = {29C06997-5ED8-3709-A50E-2FED9D3A11DB}
		{23451602-C25A-3395-A38B-BA7F24D1029B} = {23451602-C25A-3395-A38B-BA7F24D1029B}
		{3AA146F7-F629-3C3E-A2F7-08F35A7233B6} = {3AA146F7-F629-3C3E-A2F7-08F35A7233B6}
		{1EFD0058-CFB2-33AC-B42F-9EBCEEB50CF6} = {1EFD0058-CFB2-33AC-B42F-9EBCEEB50CF6}
		{E5AC6876-2E22-3982-BAD6-584C46E32660} = {E5AC6876-2E22-3982-BAD6-584C46E32660}
	EndProjectSection
EndProject
Project("{8BC9CEB8-8B4A-11D0-8D11-00A0C91BC942}") = "pluginterfaces", "..\build\vst3sdk\pluginterfaces\pluginterfaces.vcxproj", "{3AA146F7-F629-3C3E-A2F7-08F35A7233B6}"
	ProjectSection(ProjectDependencies) = postProject
		{29C06997-5ED8-3709-A50E-2FED9D3A11DB} = {29C06997-5ED8-3709-A50E-2FED9D3A11DB}
	EndProjectSection
EndProject
Project("{8BC9CEB8-8B4A-11D0-8D11-00A0C91BC942}") = "sdk", "..\build\vst3sdk\public.sdk\sdk.vcxproj", "{969755B6-180A-35EC-8B39-E75E57ADD9E4}"
	ProjectSection(ProjectDependencies) = postProject
		{29C06997-5ED8-3709-A50E-2FED9D3A11DB} = {29C06997-5ED8-3709-A50E-2FED9D3A11DB}
		{23451602-C25A-3395-A38B-BA7F24D1029B} = {23451602-C25A-3395-A38B-BA7F24D1029B}
		{3AA146F7-F629-3C3E-A2F7-08F35A7233B6} = {3AA146F7-F629-3C3E-A2F7-08F35A7233B6}
		{1EFD0058-CFB2-33AC-B42F-9EBCEEB50CF6} = {1EFD0058-CFB2-33AC-B42F-9EBCEEB50CF6}
	EndProjectSection
EndProject
Project("{8BC9CEB8-8B4A-11D0-8D11-00A0C91BC942}") = "sdk_common", "..\build\vst3sdk\public.sdk\sdk_common.vcxproj", "{1EFD0058-CFB2-33AC-B42F-9EBCEEB50CF6}"
	ProjectSection(ProjectDependencies) = postProject
		{29C06997-5ED8-3709-A50E-2FED9D3A11DB} = {29C06997-5ED8-3709-A50E-2FED9D3A11DB}
		{23451602-C25A-3395-A38B-BA7F24D1029B} = {23451602-C25A-3395-A38B-BA7F24D1029B}
		{3AA146F7-F629-3C3E-A2F7-08F35A7233B6} = {3AA146F7-F629-3C3E-A2F7-08F35A7233B6}
	EndProjectSection
EndProject
Project("{8BC9CEB8-8B4A-11D0-8D11-00A0C91BC942}") = "sdk_hosting", "..\build\vst3sdk\public.sdk\sdk_hosting.vcxproj", "{E5AC6876-2E22-3982-BAD6-584C46E32660}"
	ProjectSection(ProjectDependencies) = postProject
		{29C06997-5ED8-3709-A50E-2FED9D3A11DB} = {29C06997-5ED8-3709-A50E-2FED9D3A11DB}
		{23451602-C25A-3395-A38B-BA7F24D1029B} = {23451602-C25A-3395-A38B-BA7F24D1029B}
		{3AA146F7-F629-3C3E-A2F7-08F35A7233B6} = {3AA146F7-F629-3C3E-A2F7-08F35A7233B6}
		{1EFD0058-CFB2-33AC-B42F-9EBCEEB50CF6} = {1EFD0058-CFB2-33AC-B42F-9EBCEEB50CF6}
	EndProjectSection
EndProject
Project("{8BC9CEB8-8B4A-11D0-8D11-00A0C91BC942}") = "validator", "..\build\vst3sdk\public.sdk\samples\vst-hosting\validator\validator.vcxproj", "{5AB2395E-78F3-3C64-87CA-A2FDC6E39F85}"
	ProjectSection(ProjectDependencies) = postProject
		{29C06997-5ED8-3709-A50E-2FED9D3A11DB} = {29C06997-5ED8-3709-A50E-2FED9D3A11DB}
		{23451602-C25A-3395-A38B-BA7F24D1029B} = {23451602-C25A-3395-A38B-BA7F24D1029B}
		{3AA146F7-F629-3C3E-A2F7-08F35A7233B6} = {3AA146F7-F629-3C3E-A2F7-08F35A7233B6}
		{1EFD0058-CFB2-33AC-B42F-9EBCEEB50CF6} = {1EFD0058-CFB2-33AC-B42F-9EBCEEB50CF6}
		{E5AC6876-2E22-3982-BAD6-584C46E32660} = {E5AC6876-2E22-3982-BAD6-584C46E32660}
	EndProjectSection
EndProject
Global
	GlobalSection(SolutionConfigurationPlatforms) = preSolution
		Debug|x64 = Debug|x64
		Release|x64 = Release|x64
	EndGlobalSection
	GlobalSection(ProjectConfigurationPlatforms) = postSolution
		{797039BF-3F2E-30A2-A12B-3288F0B9D7E5}.Debug|x64.ActiveCfg = Debug|x64
		{797039BF-3F2E-30A2-A12B-3288F0B9D7E5}.Debug|x64.Build.0 = Debug|x64
		{797039BF-3F2E-30A2-A12B-3288F0B9D7E5}.Release|x64.ActiveCfg = Release|x64
		{797039BF-3F2E-30A2-A12B-3288F0B9D7E5}.Release|x64.Build.0 = Release|x64
		{738CE1AE-AB6C-3F54-84C9-40F4F71206C3}.Debug|x64.ActiveCfg = Debug|x64
		{738CE1AE-AB6C-3F54-84C9-40F4F71206C3}.Release|x64.ActiveCfg = Release|x64
		{29C06997-5ED8-3709-A50E-2FED9D3A11DB}.Debug|x64.ActiveCfg = Debug|x64
		{29C06997-5ED8-3709-A50E-2FED9D3A11DB}.Debug|x64.Build.0 = Debug|x64
		{29C06997-5ED8-3709-A50E-2FED9D3A11DB}.Release|x64.ActiveCfg = Release|x64
		{29C06997-5ED8-3709-A50E-2FED9D3A11DB}.Release|x64.Build.0 = Release|x64
		{23451602-C25A-3395-A38B-BA7F24D1029B}.Debug|x64.ActiveCfg = Debug|x64
		{23451602-C25A-3395-A38B-BA7F24D1029B}.Debug|x64.Build.0 = Debug|x64
		{23451602-C25A-3395-A38B-BA7F24D1029B}.Release|x64.ActiveCfg = Release|x64
		{23451602-C25A-3395-A38B-BA7F24D1029B}.Release|x64.Build.0 = Release|x64
		{79BB9B9D-92BB-3D37-BC42-FA20FA7E7467}.Debug|x64.ActiveCfg = Debug|x64
		{79BB9B9D-92BB-3D37-BC42-FA20FA7E7467}.Release|x64.ActiveCfg = Release|x64
		{BA092CE7-0381-3A0B-9387-37262A48718B}.Debug|x64.ActiveCfg = Debug|x64
		{BA092CE7-0381-3A0B-9387-37262A48718B}.Release|x64.ActiveCfg = Release|x64
		{33AF94D7-5C54-3FF1-962E-4C7256B9E3C3}.Debug|x64.ActiveCfg = Debug|x64
		{33AF94D7-5C54-3FF1-962E-4C7256B9E3C3}.Debug|x64.Build.0 = Debug|x64
		{33AF94D7-5C54-3FF1-962E-4C7256B9E3C3}.Release|x64.ActiveCfg = Release|x64
		{33AF94D7-5C54-3FF1-962E-4C7256B9E3C3}.Release|x64.Build.0 = Release|x64
		{3AA146F7-F629-3C3E-A2F7-08F35A7233B6}.Debug|x64.ActiveCfg = Debug|x64
		{3AA146F7-F629-3C3E-A2F7-08F35A7233B6}.Debug|x64.Build.0 = Debug|x64
		{3AA146F7-F629-3C3E-A2F7-08F35A7233B6}.Release|x64.ActiveCfg = Release|x64
		{3AA146F7-F629-3C3E-A2F7-08F35A7233B6}.Release|x64.Build.0 = Release|x64
		{969755B6-180A-35EC-8B39-E75E57ADD9E4}.Debug|x64.ActiveCfg = Debug|x64
		{969755B6-180A-35EC-8B39-E75E57ADD9E4}.Debug|x64.Build.0 = Debug|x64
		{969755B6-180A-35EC-8B39-E75E57ADD9E4}.Release|x64.ActiveCfg = Release|x64
		{969755B6-180A-35EC-8B39-E75E57ADD9E4}.Release|x64.Build.0 = Release|x64
		{1EFD0058-CFB2-33AC-B42F-9EBCEEB50CF6}.Debug|x64.ActiveCfg = Debug|x64
		{1EFD0058-CFB2-33AC-B42F-9EBCEEB50CF6}.Debug|x64.Build.0 = Debug|x64
		{1EFD0058-CFB2-33AC-B42F-9EBCEEB50CF6}.Release|x64.ActiveCfg = Release|x64
		{1EFD0058-CFB2-33AC-B42F-9EBCEEB50CF6}.Release|x64.Build.0 = Release|x64
		{E5AC6876-2E22-3982-BAD6-584C46E32660}.Debug|x64.ActiveCfg = Debug|x64
		{E5AC6876-2E22-3982-BAD6-584C46E32660}.Debug|x64.Build.0 = Debug|x64
		{E5AC6876-2E22-3982-BAD6-584C46E32660}.Release|x64.ActiveCfg = Release|x64
		{E5AC6876-2E22-3982-BAD6-584C46E32660}.Release|x64.Build.0 = Release|x64
		{5AB2395E-78F3-3C64-87CA-A2FDC6E39F85}.Debug|x64.ActiveCfg = Debug|x64
		{5AB2395E-78F3-3C64-87CA-A2FDC6E39F85}.Debug|x64.Build.0 = Debug|x64
		{5AB2395E-78F3-3C64-87CA-A2FDC6E39F85}.Release|x64.ActiveCfg = Release|x64
		{5AB2395E-78F3-3C64-87CA-A2FDC6E39F85}.Release|x64.Build.0 = Release|x64
	EndGlobalSection
	GlobalSection(SolutionProperties) = preSolution
		HideSolutionNode = FALSE
	EndGlobalSection
	GlobalSection(NestedProjects) = preSolution
		{738CE1AE-AB6C-3F54-84C9-40F4F71206C3} = {EE4D9BB4-04C0-373C-B696-04B63F9384D2}
		{29C06997-5ED8-3709-A50E-2FED9D3A11DB} = {EE4D9BB4-04C0-373C-B696-04B63F9384D2}
		{23451602-C25A-3395-A38B-BA7F24D1029B} = {D664841A-557D-3FF0-8C6B-7AB91A502FCC}
		{79BB9B9D-92BB-3D37-BC42-FA20FA7E7467} = {D664841A-557D-3FF0-8C6B-7AB91A502FCC}
		{BA092CE7-0381-3A0B-9387-37262A48718B} = {D664841A-557D-3FF0-8C6B-7AB91A502FCC}
		{33AF94D7-5C54-3FF1-962E-4C7256B9E3C3} = {7CB03CBC-F140-3F2D-BAD8-8D7A2181BD1C}
		{3AA146F7-F629-3C3E-A2F7-08F35A7233B6} = {D664841A-557D-3FF0-8C6B-7AB91A502FCC}
		{969755B6-180A-35EC-8B39-E75E57ADD9E4} = {D664841A-557D-3FF0-8C6B-7AB91A502FCC}
		{1EFD0058-CFB2-33AC-B42F-9EBCEEB50CF6} = {D664841A-557D-3FF0-8C6B-7AB91A502FCC}
		{E5AC6876-2E22-3982-BAD6-584C46E32660} = {D664841A-557D-3FF0-8C6B-7AB91A502FCC}
		{5AB2395E-78F3-3C64-87CA-A2FDC6E39F85} = {42644B95-6E57-3930-8C01-62C5F723BDC5}
	EndGlobalSection
	GlobalSection(ExtensibilityGlobals) = postSolution
		SolutionGuid = {222D2350-EDF5-31B6-B6CF-992F490010A2}
	EndGlobalSection
EndGlobal
